// !$*UTF8*$!
{
	archiveVersion = 1;
	classes = {
	};
	objectVersion = 46;
	objects = {

/* Begin PBXBuildFile section */
		61638CBA1E48121200429BD5 /* main.m in Sources */ = {isa = PBXBuildFile; fileRef = 61638CB91E48121200429BD5 /* main.m */; };
		61638CBD1E48121200429BD5 /* AppDelegate.m in Sources */ = {isa = PBXBuildFile; fileRef = 61638CBC1E48121200429BD5 /* AppDelegate.m */; };
		61638CC31E48121200429BD5 /* Main.storyboard in Resources */ = {isa = PBXBuildFile; fileRef = 61638CC11E48121200429BD5 /* Main.storyboard */; };
		61638CC51E48121200429BD5 /* Assets.xcassets in Resources */ = {isa = PBXBuildFile; fileRef = 61638CC41E48121200429BD5 /* Assets.xcassets */; };
		61638CC81E48121200429BD5 /* LaunchScreen.storyboard in Resources */ = {isa = PBXBuildFile; fileRef = 61638CC61E48121200429BD5 /* LaunchScreen.storyboard */; };
		61638CD31E48121200429BD5 /* PasswordDemoTests.m in Sources */ = {isa = PBXBuildFile; fileRef = 61638CD21E48121200429BD5 /* PasswordDemoTests.m */; };
		61638CDE1E48121200429BD5 /* PasswordDemoUITests.m in Sources */ = {isa = PBXBuildFile; fileRef = 61638CDD1E48121200429BD5 /* PasswordDemoUITests.m */; };
		61638CED1E48123800429BD5 /* RootViewController.m in Sources */ = {isa = PBXBuildFile; fileRef = 61638CEC1E48123800429BD5 /* RootViewController.m */; };
		61638CF01E48133800429BD5 /* SYPasswordView.m in Sources */ = {isa = PBXBuildFile; fileRef = 61638CEF1E48133800429BD5 /* SYPasswordView.m */; };
/* End PBXBuildFile section */

/* Begin PBXContainerItemProxy section */
		61638CCF1E48121200429BD5 /* PBXContainerItemProxy */ = {
			isa = PBXContainerItemProxy;
			containerPortal = 61638CAD1E48121200429BD5 /* Project object */;
			proxyType = 1;
			remoteGlobalIDString = 61638CB41E48121200429BD5;
			remoteInfo = PasswordDemo;
		};
		61638CDA1E48121200429BD5 /* PBXContainerItemProxy */ = {
			isa = PBXContainerItemProxy;
			containerPortal = 61638CAD1E48121200429BD5 /* Project object */;
			proxyType = 1;
			remoteGlobalIDString = 61638CB41E48121200429BD5;
			remoteInfo = PasswordDemo;
		};
/* End PBXContainerItemProxy section */

/* Begin PBXFileReference section */
		61638CB51E48121200429BD5 /* PasswordDemo.app */ = {isa = PBXFileReference; explicitFileType = wrapper.application; includeInIndex = 0; path = PasswordDemo.app; sourceTree = BUILT_PRODUCTS_DIR; };
		61638CB91E48121200429BD5 /* main.m */ = {isa = PBXFileReference; lastKnownFileType = sourcecode.c.objc; path = main.m; sourceTree = "<group>"; };
		61638CBB1E48121200429BD5 /* AppDelegate.h */ = {isa = PBXFileReference; lastKnownFileType = sourcecode.c.h; path = AppDelegate.h; sourceTree = "<group>"; };
		61638CBC1E48121200429BD5 /* AppDelegate.m */ = {isa = PBXFileReference; lastKnownFileType = sourcecode.c.objc; path = AppDelegate.m; sourceTree = "<group>"; };
		61638CC21E48121200429BD5 /* Base */ = {isa = PBXFileReference; lastKnownFileType = file.storyboard; name = Base; path = Base.lproj/Main.storyboard; sourceTree = "<group>"; };
		61638CC41E48121200429BD5 /* Assets.xcassets */ = {isa = PBXFileReference; lastKnownFileType = folder.assetcatalog; path = Assets.xcassets; sourceTree = "<group>"; };
		61638CC71E48121200429BD5 /* Base */ = {isa = PBXFileReference; lastKnownFileType = file.storyboard; name = Base; path = Base.lproj/LaunchScreen.storyboard; sourceTree = "<group>"; };
		61638CC91E48121200429BD5 /* Info.plist */ = {isa = PBXFileReference; lastKnownFileType = text.plist.xml; path = Info.plist; sourceTree = "<group>"; };
		61638CCE1E48121200429BD5 /* PasswordDemoTests.xctest */ = {isa = PBXFileReference; explicitFileType = wrapper.cfbundle; includeInIndex = 0; path = PasswordDemoTests.xctest; sourceTree = BUILT_PRODUCTS_DIR; };
		61638CD21E48121200429BD5 /* PasswordDemoTests.m */ = {isa = PBXFileReference; lastKnownFileType = sourcecode.c.objc; path = PasswordDemoTests.m; sourceTree = "<group>"; };
		61638CD41E48121200429BD5 /* Info.plist */ = {isa = PBXFileReference; lastKnownFileType = text.plist.xml; path = Info.plist; sourceTree = "<group>"; };
		61638CD91E48121200429BD5 /* PasswordDemoUITests.xctest */ = {isa = PBXFileReference; explicitFileType = wrapper.cfbundle; includeInIndex = 0; path = PasswordDemoUITests.xctest; sourceTree = BUILT_PRODUCTS_DIR; };
		61638CDD1E48121200429BD5 /* PasswordDemoUITests.m */ = {isa = PBXFileReference; lastKnownFileType = sourcecode.c.objc; path = PasswordDemoUITests.m; sourceTree = "<group>"; };
		61638CDF1E48121200429BD5 /* Info.plist */ = {isa = PBXFileReference; lastKnownFileType = text.plist.xml; path = Info.plist; sourceTree = "<group>"; };
		61638CEB1E48123800429BD5 /* RootViewController.h */ = {isa = PBXFileReference; fileEncoding = 4; lastKnownFileType = sourcecode.c.h; path = RootViewController.h; sourceTree = "<group>"; };
		61638CEC1E48123800429BD5 /* RootViewController.m */ = {isa = PBXFileReference; fileEncoding = 4; lastKnownFileType = sourcecode.c.objc; path = RootViewController.m; sourceTree = "<group>"; };
		61638CEE1E48133800429BD5 /* SYPasswordView.h */ = {isa = PBXFileReference; fileEncoding = 4; lastKnownFileType = sourcecode.c.h; path = SYPasswordView.h; sourceTree = "<group>"; };
		61638CEF1E48133800429BD5 /* SYPasswordView.m */ = {isa = PBXFileReference; fileEncoding = 4; lastKnownFileType = sourcecode.c.objc; path = SYPasswordView.m; sourceTree = "<group>"; };
/* End PBXFileReference section */

/* Begin PBXFrameworksBuildPhase section */
		61638CB21E48121200429BD5 /* Frameworks */ = {
			isa = PBXFrameworksBuildPhase;
			buildActionMask = 2147483647;
			files = (
			);
			runOnlyForDeploymentPostprocessing = 0;
		};
		61638CCB1E48121200429BD5 /* Frameworks */ = {
			isa = PBXFrameworksBuildPhase;
			buildActionMask = 2147483647;
			files = (
			);
			runOnlyForDeploymentPostprocessing = 0;
		};
		61638CD61E48121200429BD5 /* Frameworks */ = {
			isa = PBXFrameworksBuildPhase;
			buildActionMask = 2147483647;
			files = (
			);
			runOnlyForDeploymentPostprocessing = 0;
		};
/* End PBXFrameworksBuildPhase section */

/* Begin PBXGroup section */
		61638CAC1E48121200429BD5 = {
			isa = PBXGroup;
			children = (
				61638CB71E48121200429BD5 /* PasswordDemo */,
				61638CD11E48121200429BD5 /* PasswordDemoTests */,
				61638CDC1E48121200429BD5 /* PasswordDemoUITests */,
				61638CB61E48121200429BD5 /* Products */,
			);
			sourceTree = "<group>";
		};
		61638CB61E48121200429BD5 /* Products */ = {
			isa = PBXGroup;
			children = (
				61638CB51E48121200429BD5 /* PasswordDemo.app */,
				61638CCE1E48121200429BD5 /* PasswordDemoTests.xctest */,
				61638CD91E48121200429BD5 /* PasswordDemoUITests.xctest */,
			);
			name = Products;
			sourceTree = "<group>";
		};
		61638CB71E48121200429BD5 /* PasswordDemo */ = {
			isa = PBXGroup;
			children = (
				61638CBB1E48121200429BD5 /* AppDelegate.h */,
				61638CBC1E48121200429BD5 /* AppDelegate.m */,
				61638CEB1E48123800429BD5 /* RootViewController.h */,
				61638CEC1E48123800429BD5 /* RootViewController.m */,
				61638CEE1E48133800429BD5 /* SYPasswordView.h */,
				61638CEF1E48133800429BD5 /* SYPasswordView.m */,
				61638CC11E48121200429BD5 /* Main.storyboard */,
				61638CC41E48121200429BD5 /* Assets.xcassets */,
				61638CC61E48121200429BD5 /* LaunchScreen.storyboard */,
				61638CC91E48121200429BD5 /* Info.plist */,
				61638CB81E48121200429BD5 /* Supporting Files */,
			);
			path = PasswordDemo;
			sourceTree = "<group>";
		};
		61638CB81E48121200429BD5 /* Supporting Files */ = {
			isa = PBXGroup;
			children = (
				61638CB91E48121200429BD5 /* main.m */,
			);
			name = "Supporting Files";
			sourceTree = "<group>";
		};
		61638CD11E48121200429BD5 /* PasswordDemoTests */ = {
			isa = PBXGroup;
			children = (
				61638CD21E48121200429BD5 /* PasswordDemoTests.m */,
				61638CD41E48121200429BD5 /* Info.plist */,
			);
			path = PasswordDemoTests;
			sourceTree = "<group>";
		};
		61638CDC1E48121200429BD5 /* PasswordDemoUITests */ = {
			isa = PBXGroup;
			children = (
				61638CDD1E48121200429BD5 /* PasswordDemoUITests.m */,
				61638CDF1E48121200429BD5 /* Info.plist */,
			);
			path = PasswordDemoUITests;
			sourceTree = "<group>";
		};
/* End PBXGroup section */

/* Begin PBXNativeTarget section */
		61638CB41E48121200429BD5 /* PasswordDemo */ = {
			isa = PBXNativeTarget;
			buildConfigurationList = 61638CE21E48121200429BD5 /* Build configuration list for PBXNativeTarget "PasswordDemo" */;
			buildPhases = (
				61638CB11E48121200429BD5 /* Sources */,
				61638CB21E48121200429BD5 /* Frameworks */,
				61638CB31E48121200429BD5 /* Resources */,
			);
			buildRules = (
			);
			dependencies = (
			);
			name = PasswordDemo;
			productName = PasswordDemo;
			productReference = 61638CB51E48121200429BD5 /* PasswordDemo.app */;
			productType = "com.apple.product-type.application";
		};
		61638CCD1E48121200429BD5 /* PasswordDemoTests */ = {
			isa = PBXNativeTarget;
			buildConfigurationList = 61638CE51E48121200429BD5 /* Build configuration list for PBXNativeTarget "PasswordDemoTests" */;
			buildPhases = (
				61638CCA1E48121200429BD5 /* Sources */,
				61638CCB1E48121200429BD5 /* Frameworks */,
				61638CCC1E48121200429BD5 /* Resources */,
			);
			buildRules = (
			);
			dependencies = (
				61638CD01E48121200429BD5 /* PBXTargetDependency */,
			);
			name = PasswordDemoTests;
			productName = PasswordDemoTests;
			productReference = 61638CCE1E48121200429BD5 /* PasswordDemoTests.xctest */;
			productType = "com.apple.product-type.bundle.unit-test";
		};
		61638CD81E48121200429BD5 /* PasswordDemoUITests */ = {
			isa = PBXNativeTarget;
			buildConfigurationList = 61638CE81E48121200429BD5 /* Build configuration list for PBXNativeTarget "PasswordDemoUITests" */;
			buildPhases = (
				61638CD51E48121200429BD5 /* Sources */,
				61638CD61E48121200429BD5 /* Frameworks */,
				61638CD71E48121200429BD5 /* Resources */,
			);
			buildRules = (
			);
			dependencies = (
				61638CDB1E48121200429BD5 /* PBXTargetDependency */,
			);
			name = PasswordDemoUITests;
			productName = PasswordDemoUITests;
			productReference = 61638CD91E48121200429BD5 /* PasswordDemoUITests.xctest */;
			productType = "com.apple.product-type.bundle.ui-testing";
		};
/* End PBXNativeTarget section */

/* Begin PBXProject section */
		61638CAD1E48121200429BD5 /* Project object */ = {
			isa = PBXProject;
			attributes = {
				LastUpgradeCheck = 0820;
				ORGANIZATIONNAME = DuKaiShun;
				TargetAttributes = {
					61638CB41E48121200429BD5 = {
						CreatedOnToolsVersion = 8.2.1;
						DevelopmentTeam = X42645MK9G;
						ProvisioningStyle = Automatic;
					};
					61638CCD1E48121200429BD5 = {
						CreatedOnToolsVersion = 8.2.1;
						DevelopmentTeam = X42645MK9G;
						ProvisioningStyle = Automatic;
						TestTargetID = 61638CB41E48121200429BD5;
					};
					61638CD81E48121200429BD5 = {
						CreatedOnToolsVersion = 8.2.1;
						DevelopmentTeam = X42645MK9G;
						ProvisioningStyle = Automatic;
						TestTargetID = 61638CB41E48121200429BD5;
					};
				};
			};
			buildConfigurationList = 61638CB01E48121200429BD5 /* Build configuration list for PBXProject "PasswordDemo" */;
			compatibilityVersion = "Xcode 3.2";
			developmentRegion = English;
			hasScannedForEncodings = 0;
			knownRegions = (
				en,
				Base,
			);
			mainGroup = 61638CAC1E48121200429BD5;
			productRefGroup = 61638CB61E48121200429BD5 /* Products */;
			projectDirPath = "";
			projectRoot = "";
			targets = (
				61638CB41E48121200429BD5 /* PasswordDemo */,
				61638CCD1E48121200429BD5 /* PasswordDemoTests */,
				61638CD81E48121200429BD5 /* PasswordDemoUITests */,
			);
		};
/* End PBXProject section */

/* Begin PBXResourcesBuildPhase section */
		61638CB31E48121200429BD5 /* Resources */ = {
			isa = PBXResourcesBuildPhase;
			buildActionMask = 2147483647;
			files = (
				61638CC81E48121200429BD5 /* LaunchScreen.storyboard in Resources */,
				61638CC51E48121200429BD5 /* Assets.xcassets in Resources */,
				61638CC31E48121200429BD5 /* Main.storyboard in Resources */,
			);
			runOnlyForDeploymentPostprocessing = 0;
		};
		61638CCC1E48121200429BD5 /* Resources */ = {
			isa = PBXResourcesBuildPhase;
			buildActionMask = 2147483647;
			files = (
			);
			runOnlyForDeploymentPostprocessing = 0;
		};
		61638CD71E48121200429BD5 /* Resources */ = {
			isa = PBXResourcesBuildPhase;
			buildActionMask = 2147483647;
			files = (
			);
			runOnlyForDeploymentPostprocessing = 0;
		};
/* End PBXResourcesBuildPhase section */

/* Begin PBXSourcesBuildPhase section */
		61638CB11E48121200429BD5 /* Sources */ = {
			isa = PBXSourcesBuildPhase;
			buildActionMask = 2147483647;
			files = (
				61638CBD1E48121200429BD5 /* AppDelegate.m in Sources */,
				61638CF01E48133800429BD5 /* SYPasswordView.m in Sources */,
				61638CED1E48123800429BD5 /* RootViewController.m in Sources */,
				61638CBA1E48121200429BD5 /* main.m in Sources */,
			);
			runOnlyForDeploymentPostprocessing = 0;
		};
		61638CCA1E48121200429BD5 /* Sources */ = {
			isa = PBXSourcesBuildPhase;
			buildActionMask = 2147483647;
			files = (
				61638CD31E48121200429BD5 /* PasswordDemoTests.m in Sources */,
			);
			runOnlyForDeploymentPostprocessing = 0;
		};
		61638CD51E48121200429BD5 /* Sources */ = {
			isa = PBXSourcesBuildPhase;
			buildActionMask = 2147483647;
			files = (
				61638CDE1E48121200429BD5 /* PasswordDemoUITests.m in Sources */,
			);
			runOnlyForDeploymentPostprocessing = 0;
		};
/* End PBXSourcesBuildPhase section */

/* Begin PBXTargetDependency section */
		61638CD01E48121200429BD5 /* PBXTargetDependency */ = {
			isa = PBXTargetDependency;
			target = 61638CB41E48121200429BD5 /* PasswordDemo */;
			targetProxy = 61638CCF1E48121200429BD5 /* PBXContainerItemProxy */;
		};
		61638CDB1E48121200429BD5 /* PBXTargetDependency */ = {
			isa = PBXTargetDependency;
			target = 61638CB41E48121200429BD5 /* PasswordDemo */;
			targetProxy = 61638CDA1E48121200429BD5 /* PBXContainerItemProxy */;
		};
/* End PBXTargetDependency section */

/* Begin PBXVariantGroup section */
		61638CC11E48121200429BD5 /* Main.storyboard */ = {
			isa = PBXVariantGroup;
			children = (
				61638CC21E48121200429BD5 /* Base */,
			);
			name = Main.storyboard;
			sourceTree = "<group>";
		};
		61638CC61E48121200429BD5 /* LaunchScreen.storyboard */ = {
			isa = PBXVariantGroup;
			children = (
				61638CC71E48121200429BD5 /* Base */,
			);
			name = LaunchScreen.storyboard;
			sourceTree = "<group>";
		};
/* End PBXVariantGroup section */

/* Begin XCBuildConfiguration section */
		61638CE01E48121200429BD5 /* Debug */ = {
			isa = XCBuildConfiguration;
			buildSettings = {
				ALWAYS_SEARCH_USER_PATHS = NO;
				CLANG_ANALYZER_NONNULL = YES;
				CLANG_CXX_LANGUAGE_STANDARD = "gnu++0x";
				CLANG_CXX_LIBRARY = "libc++";
				CLANG_ENABLE_MODULES = YES;
				CLANG_ENABLE_OBJC_ARC = YES;
				CLANG_WARN_BOOL_CONVERSION = YES;
				CLANG_WARN_CONSTANT_CONVERSION = YES;
				CLANG_WARN_DIRECT_OBJC_ISA_USAGE = YES_ERROR;
				CLANG_WARN_DOCUMENTATION_COMMENTS = YES;
				CLANG_WARN_EMPTY_BODY = YES;
				CLANG_WARN_ENUM_CONVERSION = YES;
				CLANG_WARN_INFINITE_RECURSION = YES;
				CLANG_WARN_INT_CONVERSION = YES;
				CLANG_WARN_OBJC_ROOT_CLASS = YES_ERROR;
				CLANG_WARN_SUSPICIOUS_MOVE = YES;
				CLANG_WARN_UNREACHABLE_CODE = YES;
				CLANG_WARN__DUPLICATE_METHOD_MATCH = YES;
				"CODE_SIGN_IDENTITY[sdk=iphoneos*]" = "iPhone Developer";
				COPY_PHASE_STRIP = NO;
				DEBUG_INFORMATION_FORMAT = dwarf;
				ENABLE_STRICT_OBJC_MSGSEND = YES;
				ENABLE_TESTABILITY = YES;
				GCC_C_LANGUAGE_STANDARD = gnu99;
				GCC_DYNAMIC_NO_PIC = NO;
				GCC_NO_COMMON_BLOCKS = YES;
				GCC_OPTIMIZATION_LEVEL = 0;
				GCC_PREPROCESSOR_DEFINITIONS = (
					"DEBUG=1",
					"$(inherited)",
				);
				GCC_WARN_64_TO_32_BIT_CONVERSION = YES;
				GCC_WARN_ABOUT_RETURN_TYPE = YES_ERROR;
				GCC_WARN_UNDECLARED_SELECTOR = YES;
				GCC_WARN_UNINITIALIZED_AUTOS = YES_AGGRESSIVE;
				GCC_WARN_UNUSED_FUNCTION = YES;
				GCC_WARN_UNUSED_VARIABLE = YES;
				IPHONEOS_DEPLOYMENT_TARGET = 10.2;
				MTL_ENABLE_DEBUG_INFO = YES;
				ONLY_ACTIVE_ARCH = YES;
				SDKROOT = iphoneos;
				TARGETED_DEVICE_FAMILY = "1,2";
			};
			name = Debug;
		};
		61638CE11E48121200429BD5 /* Release */ = {
			isa = XCBuildConfiguration;
			buildSettings = {
				ALWAYS_SEARCH_USER_PATHS = NO;
				CLANG_ANALYZER_NONNULL = YES;
				CLANG_CXX_LANGUAGE_STANDARD = "gnu++0x";
				CLANG_CXX_LIBRARY = "libc++";
				CLANG_ENABLE_MODULES = YES;
				CLANG_ENABLE_OBJC_ARC = YES;
				CLANG_WARN_BOOL_CONVERSION = YES;
				CLANG_WARN_CONSTANT_CONVERSION = YES;
				CLANG_WARN_DIRECT_OBJC_ISA_USAGE = YES_ERROR;
				CLANG_WARN_DOCUMENTATION_COMMENTS = YES;
				CLANG_WARN_EMPTY_BODY = YES;
				CLANG_WARN_ENUM_CONVERSION = YES;
				CLANG_WARN_INFINITE_RECURSION = YES;
				CLANG_WARN_INT_CONVERSION = YES;
				CLANG_WARN_OBJC_ROOT_CLASS = YES_ERROR;
				CLANG_WARN_SUSPICIOUS_MOVE = YES;
				CLANG_WARN_UNREACHABLE_CODE = YES;
				CLANG_WARN__DUPLICATE_METHOD_MATCH = YES;
				"CODE_SIGN_IDENTITY[sdk=iphoneos*]" = "iPhone Developer";
				COPY_PHASE_STRIP = NO;
				DEBUG_INFORMATION_FORMAT = "dwarf-with-dsym";
				ENABLE_NS_ASSERTIONS = NO;
				ENABLE_STRICT_OBJC_MSGSEND = YES;
				GCC_C_LANGUAGE_STANDARD = gnu99;
				GCC_NO_COMMON_BLOCKS = YES;
				GCC_WARN_64_TO_32_BIT_CONVERSION = YES;
				GCC_WARN_ABOUT_RETURN_TYPE = YES_ERROR;
				GCC_WARN_UNDECLARED_SELECTOR = YES;
				GCC_WARN_UNINITIALIZED_AUTOS = YES_AGGRESSIVE;
				GCC_WARN_UNUSED_FUNCTION = YES;
				GCC_WARN_UNUSED_VARIABLE = YES;
				IPHONEOS_DEPLOYMENT_TARGET = 10.2;
				MTL_ENABLE_DEBUG_INFO = NO;
				SDKROOT = iphoneos;
				TARGETED_DEVICE_FAMILY = "1,2";
				VALIDATE_PRODUCT = YES;
			};
			name = Release;
		};
		61638CE31E48121200429BD5 /* Debug */ = {
			isa = XCBuildConfiguration;
			buildSettings = {
				ASSETCATALOG_COMPILER_APPICON_NAME = AppIcon;
				DEVELOPMENT_TEAM = X42645MK9G;
				INFOPLIST_FILE = PasswordDemo/Info.plist;
				IPHONEOS_DEPLOYMENT_TARGET = 8.0;
				LD_RUNPATH_SEARCH_PATHS = "$(inherited) @executable_path/Frameworks";
				PRODUCT_BUNDLE_IDENTIFIER = com.robooot.PasswordDemo;
				PRODUCT_NAME = "$(TARGET_NAME)";
			};
			name = Debug;
		};
		61638CE41E48121200429BD5 /* Release */ = {
			isa = XCBuildConfiguration;
			buildSettings = {
				ASSETCATALOG_COMPILER_APPICON_NAME = AppIcon;
				DEVELOPMENT_TEAM = X42645MK9G;
				INFOPLIST_FILE = PasswordDemo/Info.plist;
				IPHONEOS_DEPLOYMENT_TARGET = 8.0;
				LD_RUNPATH_SEARCH_PATHS = "$(inherited) @executable_path/Frameworks";
				PRODUCT_BUNDLE_IDENTIFIER = com.robooot.PasswordDemo;
				PRODUCT_NAME = "$(TARGET_NAME)";
			};
			name = Release;
		};
		61638CE61E48121200429BD5 /* Debug */ = {
			isa = XCBuildConfiguration;
			buildSettings = {
				BUNDLE_LOADER = "$(TEST_HOST)";
				DEVELOPMENT_TEAM = X42645MK9G;
				INFOPLIST_FILE = PasswordDemoTests/Info.plist;
				LD_RUNPATH_SEARCH_PATHS = "$(inherited) @executable_path/Frameworks @loader_path/Frameworks";
				PRODUCT_BUNDLE_IDENTIFIER = com.robooot.PasswordDemoTests;
				PRODUCT_NAME = "$(TARGET_NAME)";
				TEST_HOST = "$(BUILT_PRODUCTS_DIR)/PasswordDemo.app/PasswordDemo";
			};
			name = Debug;
		};
		61638CE71E48121200429BD5 /* Release */ = {
			isa = XCBuildConfiguration;
			buildSettings = {
				BUNDLE_LOADER = "$(TEST_HOST)";
				DEVELOPMENT_TEAM = X42645MK9G;
				INFOPLIST_FILE = PasswordDemoTests/Info.plist;
				LD_RUNPATH_SEARCH_PATHS = "$(inherited) @executable_path/Frameworks @loader_path/Frameworks";
				PRODUCT_BUNDLE_IDENTIFIER = com.robooot.PasswordDemoTests;
				PRODUCT_NAME = "$(TARGET_NAME)";
				TEST_HOST = "$(BUILT_PRODUCTS_DIR)/PasswordDemo.app/PasswordDemo";
			};
			name = Release;
		};
		61638CE91E48121200429BD5 /* Debug */ = {
			isa = XCBuildConfiguration;
			buildSettings = {
				DEVELOPMENT_TEAM = X42645MK9G;
				INFOPLIST_FILE = PasswordDemoUITests/Info.plist;
				LD_RUNPATH_SEARCH_PATHS = "$(inherited) @executable_path/Frameworks @loader_path/Frameworks";
				PRODUCT_BUNDLE_IDENTIFIER = com.robooot.PasswordDemoUITests;
				PRODUCT_NAME = "$(TARGET_NAME)";
				TEST_TARGET_NAME = PasswordDemo;
			};
			name = Debug;
		};
		61638CEA1E48121200429BD5 /* Release */ = {
			isa = XCBuildConfiguration;
			buildSettings = {
				DEVELOPMENT_TEAM = X42645MK9G;
				INFOPLIST_FILE = PasswordDemoUITests/Info.plist;
				LD_RUNPATH_SEARCH_PATHS = "$(inherited) @executable_path/Frameworks @loader_path/Frameworks";
				PRODUCT_BUNDLE_IDENTIFIER = com.robooot.PasswordDemoUITests;
				PRODUCT_NAME = "$(TARGET_NAME)";
				TEST_TARGET_NAME = PasswordDemo;
			};
			name = Release;
		};
/* End XCBuildConfiguration section */

/* Begin XCConfigurationList section */
		61638CB01E48121200429BD5 /* Build configuration list for PBXProject "PasswordDemo" */ = {
			isa = XCConfigurationList;
			buildConfigurations = (
				61638CE01E48121200429BD5 /* Debug */,
				61638CE11E48121200429BD5 /* Release */,
			);
			defaultConfigurationIsVisible = 0;
			defaultConfigurationName = Release;
		};
		61638CE21E48121200429BD5 /* Build configuration list for PBXNativeTarget "PasswordDemo" */ = {
			isa = XCConfigurationList;
			buildConfigurations = (
				61638CE31E48121200429BD5 /* Debug */,
				61638CE41E48121200429BD5 /* Release */,
			);
			defaultConfigurationIsVisible = 0;
			defaultConfigurationName = Release;
		};
		61638CE51E48121200429BD5 /* Build configuration list for PBXNativeTarget "PasswordDemoTests" */ = {
			isa = XCConfigurationList;
			buildConfigurations = (
				61638CE61E48121200429BD5 /* Debug */,
				61638CE71E48121200429BD5 /* Release */,
			);
			defaultConfigurationIsVisible = 0;
			defaultConfigurationName = Release;
		};
		61638CE81E48121200429BD5 /* Build configuration list for PBXNativeTarget "PasswordDemoUITests" */ = {
			isa = XCConfigurationList;
			buildConfigurations = (
				61638CE91E48121200429BD5 /* Debug */,
				61638CEA1E48121200429BD5 /* Release */,
			);
			defaultConfigurationIsVisible = 0;
			defaultConfigurationName = Release;
		};
/* End XCConfigurationList section */
	};
	rootObject = 61638CAD1E48121200429BD5 /* Project object */;
}
